// !$*UTF8*$!
{
	archiveVersion = 1;
	classes = {
	};
	objectVersion = 48;
	objects = {

/* Begin PBXBuildFile section */
		F63E980D1F07CC710006BB06 /* SentTableViewController.swift in Sources */ = {isa = PBXBuildFile; fileRef = F63E980C1F07CC710006BB06 /* SentTableViewController.swift */; };
		F63E980F1F07CC850006BB06 /* SentCollectionViewController.swift in Sources */ = {isa = PBXBuildFile; fileRef = F63E980E1F07CC850006BB06 /* SentCollectionViewController.swift */; };
		F6C6DCDC1F023E4300C1E4CE /* Meme.swift in Sources */ = {isa = PBXBuildFile; fileRef = F6C6DCDB1F023E4300C1E4CE /* Meme.swift */; };
		F6FE09491EFFCE3A008358A2 /* AppDelegate.swift in Sources */ = {isa = PBXBuildFile; fileRef = F6FE09481EFFCE3A008358A2 /* AppDelegate.swift */; };
		F6FE094B1EFFCE3A008358A2 /* ViewController.swift in Sources */ = {isa = PBXBuildFile; fileRef = F6FE094A1EFFCE3A008358A2 /* ViewController.swift */; };
		F6FE094E1EFFCE3A008358A2 /* Main.storyboard in Resources */ = {isa = PBXBuildFile; fileRef = F6FE094C1EFFCE3A008358A2 /* Main.storyboard */; };
		F6FE09501EFFCE3A008358A2 /* Assets.xcassets in Resources */ = {isa = PBXBuildFile; fileRef = F6FE094F1EFFCE3A008358A2 /* Assets.xcassets */; };
		F6FE09531EFFCE3A008358A2 /* LaunchScreen.storyboard in Resources */ = {isa = PBXBuildFile; fileRef = F6FE09511EFFCE3A008358A2 /* LaunchScreen.storyboard */; };
/* End PBXBuildFile section */

/* Begin PBXFileReference section */
		F63E980C1F07CC710006BB06 /* SentTableViewController.swift */ = {isa = PBXFileReference; lastKnownFileType = sourcecode.swift; path = SentTableViewController.swift; sourceTree = "<group>"; };
		F63E980E1F07CC850006BB06 /* SentCollectionViewController.swift */ = {isa = PBXFileReference; lastKnownFileType = sourcecode.swift; path = SentCollectionViewController.swift; sourceTree = "<group>"; };
		F6C6DCDB1F023E4300C1E4CE /* Meme.swift */ = {isa = PBXFileReference; lastKnownFileType = sourcecode.swift; path = Meme.swift; sourceTree = "<group>"; };
		F6FE09451EFFCE3A008358A2 /* MemeMeApp.app */ = {isa = PBXFileReference; explicitFileType = wrapper.application; includeInIndex = 0; path = MemeMeApp.app; sourceTree = BUILT_PRODUCTS_DIR; };
		F6FE09481EFFCE3A008358A2 /* AppDelegate.swift */ = {isa = PBXFileReference; lastKnownFileType = sourcecode.swift; path = AppDelegate.swift; sourceTree = "<group>"; };
		F6FE094A1EFFCE3A008358A2 /* ViewController.swift */ = {isa = PBXFileReference; lastKnownFileType = sourcecode.swift; path = ViewController.swift; sourceTree = "<group>"; };
		F6FE094D1EFFCE3A008358A2 /* Base */ = {isa = PBXFileReference; lastKnownFileType = file.storyboard; name = Base; path = Base.lproj/Main.storyboard; sourceTree = "<group>"; };
		F6FE094F1EFFCE3A008358A2 /* Assets.xcassets */ = {isa = PBXFileReference; lastKnownFileType = folder.assetcatalog; path = Assets.xcassets; sourceTree = "<group>"; };
		F6FE09521EFFCE3A008358A2 /* Base */ = {isa = PBXFileReference; lastKnownFileType = file.storyboard; name = Base; path = Base.lproj/LaunchScreen.storyboard; sourceTree = "<group>"; };
		F6FE09541EFFCE3A008358A2 /* Info.plist */ = {isa = PBXFileReference; lastKnownFileType = text.plist.xml; path = Info.plist; sourceTree = "<group>"; };
/* End PBXFileReference section */

/* Begin PBXFrameworksBuildPhase section */
		F6FE09421EFFCE3A008358A2 /* Frameworks */ = {
			isa = PBXFrameworksBuildPhase;
			buildActionMask = 2147483647;
			files = (
			);
			runOnlyForDeploymentPostprocessing = 0;
		};
/* End PBXFrameworksBuildPhase section */

/* Begin PBXGroup section */
		F6FE093C1EFFCE3A008358A2 = {
			isa = PBXGroup;
			children = (
				F6FE09471EFFCE3A008358A2 /* MemeMeApp */,
				F6FE09461EFFCE3A008358A2 /* Products */,
			);
			sourceTree = "<group>";
		};
		F6FE09461EFFCE3A008358A2 /* Products */ = {
			isa = PBXGroup;
			children = (
				F6FE09451EFFCE3A008358A2 /* MemeMeApp.app */,
			);
			name = Products;
			sourceTree = "<group>";
		};
		F6FE09471EFFCE3A008358A2 /* MemeMeApp */ = {
			isa = PBXGroup;
			children = (
				F6FE09481EFFCE3A008358A2 /* AppDelegate.swift */,
				F6FE094A1EFFCE3A008358A2 /* ViewController.swift */,
				F63E980C1F07CC710006BB06 /* SentTableViewController.swift */,
				F63E980E1F07CC850006BB06 /* SentCollectionViewController.swift */,
				F6C6DCDB1F023E4300C1E4CE /* Meme.swift */,
				F6FE094C1EFFCE3A008358A2 /* Main.storyboard */,
				F6FE094F1EFFCE3A008358A2 /* Assets.xcassets */,
				F6FE09511EFFCE3A008358A2 /* LaunchScreen.storyboard */,
				F6FE09541EFFCE3A008358A2 /* Info.plist */,
			);
			path = MemeMeApp;
			sourceTree = "<group>";
		};
/* End PBXGroup section */

/* Begin PBXNativeTarget section */
		F6FE09441EFFCE3A008358A2 /* MemeMeApp */ = {
			isa = PBXNativeTarget;
			buildConfigurationList = F6FE09571EFFCE3A008358A2 /* Build configuration list for PBXNativeTarget "MemeMeApp" */;
			buildPhases = (
				F6FE09411EFFCE3A008358A2 /* Sources */,
				F6FE09421EFFCE3A008358A2 /* Frameworks */,
				F6FE09431EFFCE3A008358A2 /* Resources */,
			);
			buildRules = (
			);
			dependencies = (
			);
			name = MemeMeApp;
			productName = MemeMeApp1.0;
			productReference = F6FE09451EFFCE3A008358A2 /* MemeMeApp.app */;
			productType = "com.apple.product-type.application";
		};
/* End PBXNativeTarget section */

/* Begin PBXProject section */
		F6FE093D1EFFCE3A008358A2 /* Project object */ = {
			isa = PBXProject;
			attributes = {
				LastSwiftUpdateCheck = 0900;
				LastUpgradeCheck = 0900;
				ORGANIZATIONNAME = IceApinan;
				TargetAttributes = {
					F6FE09441EFFCE3A008358A2 = {
						CreatedOnToolsVersion = 9.0;
					};
				};
			};
			buildConfigurationList = F6FE09401EFFCE3A008358A2 /* Build configuration list for PBXProject "MemeMeApp" */;
			compatibilityVersion = "Xcode 8.0";
			developmentRegion = en;
			hasScannedForEncodings = 0;
			knownRegions = (
				en,
				Base,
			);
			mainGroup = F6FE093C1EFFCE3A008358A2;
			productRefGroup = F6FE09461EFFCE3A008358A2 /* Products */;
			projectDirPath = "";
			projectRoot = "";
			targets = (
				F6FE09441EFFCE3A008358A2 /* MemeMeApp */,
			);
		};
/* End PBXProject section */

/* Begin PBXResourcesBuildPhase section */
		F6FE09431EFFCE3A008358A2 /* Resources */ = {
			isa = PBXResourcesBuildPhase;
			buildActionMask = 2147483647;
			files = (
				F6FE09531EFFCE3A008358A2 /* LaunchScreen.storyboard in Resources */,
				F6FE09501EFFCE3A008358A2 /* Assets.xcassets in Resources */,
				F6FE094E1EFFCE3A008358A2 /* Main.storyboard in Resources */,
			);
			runOnlyForDeploymentPostprocessing = 0;
		};
/* End PBXResourcesBuildPhase section */

/* Begin PBXSourcesBuildPhase section */
		F6FE09411EFFCE3A008358A2 /* Sources */ = {
			isa = PBXSourcesBuildPhase;
			buildActionMask = 2147483647;
			files = (
				F6C6DCDC1F023E4300C1E4CE /* Meme.swift in Sources */,
				F63E980D1F07CC710006BB06 /* SentTableViewController.swift in Sources */,
				F63E980F1F07CC850006BB06 /* SentCollectionViewController.swift in Sources */,
				F6FE094B1EFFCE3A008358A2 /* ViewController.swift in Sources */,
				F6FE09491EFFCE3A008358A2 /* AppDelegate.swift in Sources */,
			);
			runOnlyForDeploymentPostprocessing = 0;
		};
/* End PBXSourcesBuildPhase section */

/* Begin PBXVariantGroup section */
		F6FE094C1EFFCE3A008358A2 /* Main.storyboard */ = {
			isa = PBXVariantGroup;
			children = (
				F6FE094D1EFFCE3A008358A2 /* Base */,
			);
			name = Main.storyboard;
			sourceTree = "<group>";
		};
		F6FE09511EFFCE3A008358A2 /* LaunchScreen.storyboard */ = {
			isa = PBXVariantGroup;
			children = (
				F6FE09521EFFCE3A008358A2 /* Base */,
			);
			name = LaunchScreen.storyboard;
			sourceTree = "<group>";
		};
/* End PBXVariantGroup section */

/* Begin XCBuildConfiguration section */
		F6FE09551EFFCE3A008358A2 /* Debug */ = {
			isa = XCBuildConfiguration;
			buildSettings = {
				ALWAYS_SEARCH_USER_PATHS = NO;
				CLANG_ANALYZER_NONNULL = YES;
				CLANG_ANALYZER_NUMBER_OBJECT_CONVERSION = YES_AGGRESSIVE;
				CLANG_CXX_LANGUAGE_STANDARD = "gnu++14";
				CLANG_CXX_LIBRARY = "libc++";
				CLANG_ENABLE_MODULES = YES;
				CLANG_ENABLE_OBJC_ARC = YES;
				CLANG_WARN_BLOCK_CAPTURE_AUTORELEASING = YES;
				CLANG_WARN_BOOL_CONVERSION = YES;
				CLANG_WARN_COMMA = YES;
				CLANG_WARN_CONSTANT_CONVERSION = YES;
				CLANG_WARN_DIRECT_OBJC_ISA_USAGE = YES_ERROR;
				CLANG_WARN_DOCUMENTATION_COMMENTS = YES;
				CLANG_WARN_EMPTY_BODY = YES;
				CLANG_WARN_ENUM_CONVERSION = YES;
				CLANG_WARN_INFINITE_RECURSION = YES;
				CLANG_WARN_INT_CONVERSION = YES;
				CLANG_WARN_NON_LITERAL_NULL_CONVERSION = YES;
				CLANG_WARN_OBJC_LITERAL_CONVERSION = YES;
				CLANG_WARN_OBJC_ROOT_CLASS = YES_ERROR;
				CLANG_WARN_RANGE_LOOP_ANALYSIS = YES;
				CLANG_WARN_STRICT_PROTOTYPES = YES;
				CLANG_WARN_SUSPICIOUS_MOVE = YES;
				CLANG_WARN_UNGUARDED_AVAILABILITY = YES_AGGRESSIVE;
				CLANG_WARN_UNREACHABLE_CODE = YES;
				CLANG_WARN__DUPLICATE_METHOD_MATCH = YES;
				CODE_SIGN_IDENTITY = "iPhone Developer";
				COPY_PHASE_STRIP = NO;
				DEBUG_INFORMATION_FORMAT = dwarf;
				ENABLE_STRICT_OBJC_MSGSEND = YES;
				ENABLE_TESTABILITY = YES;
				GCC_C_LANGUAGE_STANDARD = gnu11;
				GCC_DYNAMIC_NO_PIC = NO;
				GCC_NO_COMMON_BLOCKS = YES;
				GCC_OPTIMIZATION_LEVEL = 0;
				GCC_PREPROCESSOR_DEFINITIONS = (
					"DEBUG=1",
					"$(inherited)",
				);
				GCC_WARN_64_TO_32_BIT_CONVERSION = YES;
				GCC_WARN_ABOUT_RETURN_TYPE = YES_ERROR;
				GCC_WARN_UNDECLARED_SELECTOR = YES;
				GCC_WARN_UNINITIALIZED_AUTOS = YES_AGGRESSIVE;
				GCC_WARN_UNUSED_FUNCTION = YES;
				GCC_WARN_UNUSED_VARIABLE = YES;
				IPHONEOS_DEPLOYMENT_TARGET = 11.0;
				MTL_ENABLE_DEBUG_INFO = YES;
				ONLY_ACTIVE_ARCH = YES;
				SDKROOT = iphoneos;
				SWIFT_ACTIVE_COMPILATION_CONDITIONS = DEBUG;
				SWIFT_OPTIMIZATION_LEVEL = "-Onone";
			};
			name = Debug;
		};
		F6FE09561EFFCE3A008358A2 /* Release */ = {
			isa = XCBuildConfiguration;
			buildSettings = {
				ALWAYS_SEARCH_USER_PATHS = NO;
				CLANG_ANALYZER_NONNULL = YES;
				CLANG_ANALYZER_NUMBER_OBJECT_CONVERSION = YES_AGGRESSIVE;
				CLANG_CXX_LANGUAGE_STANDARD = "gnu++14";
				CLANG_CXX_LIBRARY = "libc++";
				CLANG_ENABLE_MODULES = YES;
				CLANG_ENABLE_OBJC_ARC = YES;
				CLANG_WARN_BLOCK_CAPTURE_AUTORELEASING = YES;
				CLANG_WARN_BOOL_CONVERSION = YES;
				CLANG_WARN_COMMA = YES;
				CLANG_WARN_CONSTANT_CONVERSION = YES;
				CLANG_WARN_DIRECT_OBJC_ISA_USAGE = YES_ERROR;
				CLANG_WARN_DOCUMENTATION_COMMENTS = YES;
				CLANG_WARN_EMPTY_BODY = YES;
				CLANG_WARN_ENUM_CONVERSION = YES;
				CLANG_WARN_INFINITE_RECURSION = YES;
				CLANG_WARN_INT_CONVERSION = YES;
				CLANG_WARN_NON_LITERAL_NULL_CONVERSION = YES;
				CLANG_WARN_OBJC_LITERAL_CONVERSION = YES;
				CLANG_WARN_OBJC_ROOT_CLASS = YES_ERROR;
				CLANG_WARN_RANGE_LOOP_ANALYSIS = YES;
				CLANG_WARN_STRICT_PROTOTYPES = YES;
				CLANG_WARN_SUSPICIOUS_MOVE = YES;
				CLANG_WARN_UNGUARDED_AVAILABILITY = YES_AGGRESSIVE;
				CLANG_WARN_UNREACHABLE_CODE = YES;
				CLANG_WARN__DUPLICATE_METHOD_MATCH = YES;
				CODE_SIGN_IDENTITY = "iPhone Developer";
				COPY_PHASE_STRIP = NO;
				DEBUG_INFORMATION_FORMAT = "dwarf-with-dsym";
				ENABLE_NS_ASSERTIONS = NO;
				ENABLE_STRICT_OBJC_MSGSEND = YES;
				GCC_C_LANGUAGE_STANDARD = gnu11;
				GCC_NO_COMMON_BLOCKS = YES;
				GCC_WARN_64_TO_32_BIT_CONVERSION = YES;
				GCC_WARN_ABOUT_RETURN_TYPE = YES_ERROR;
				GCC_WARN_UNDECLARED_SELECTOR = YES;
				GCC_WARN_UNINITIALIZED_AUTOS = YES_AGGRESSIVE;
				GCC_WARN_UNUSED_FUNCTION = YES;
				GCC_WARN_UNUSED_VARIABLE = YES;
				IPHONEOS_DEPLOYMENT_TARGET = 11.0;
				MTL_ENABLE_DEBUG_INFO = NO;
				SDKROOT = iphoneos;
				SWIFT_OPTIMIZATION_LEVEL = "-Owholemodule";
				VALIDATE_PRODUCT = YES;
			};
			name = Release;
		};
		F6FE09581EFFCE3A008358A2 /* Debug */ = {
			isa = XCBuildConfiguration;
			buildSettings = {
				ASSETCATALOG_COMPILER_APPICON_NAME = AppIcon;
				INFOPLIST_FILE = "$(SRCROOT)/MemeMeApp/Info.plist";
				LD_RUNPATH_SEARCH_PATHS = "$(inherited) @executable_path/Frameworks";
				PRODUCT_BUNDLE_IDENTIFIER = com.IceApinan.MemeMeApp;
				PRODUCT_NAME = "$(TARGET_NAME)";
				SWIFT_VERSION = 4.0;
				TARGETED_DEVICE_FAMILY = "1,2";
			};
			name = Debug;
		};
		F6FE09591EFFCE3A008358A2 /* Release */ = {
			isa = XCBuildConfiguration;
			buildSettings = {
				ASSETCATALOG_COMPILER_APPICON_NAME = AppIcon;
				INFOPLIST_FILE = "$(SRCROOT)/MemeMeApp/Info.plist";
				LD_RUNPATH_SEARCH_PATHS = "$(inherited) @executable_path/Frameworks";
				PRODUCT_BUNDLE_IDENTIFIER = com.IceApinan.MemeMeApp;
				PRODUCT_NAME = "$(TARGET_NAME)";
				SWIFT_VERSION = 4.0;
				TARGETED_DEVICE_FAMILY = "1,2";
			};
			name = Release;
		};
/* End XCBuildConfiguration section */

/* Begin XCConfigurationList section */
		F6FE09401EFFCE3A008358A2 /* Build configuration list for PBXProject "MemeMeApp" */ = {
			isa = XCConfigurationList;
			buildConfigurations = (
				F6FE09551EFFCE3A008358A2 /* Debug */,
				F6FE09561EFFCE3A008358A2 /* Release */,
			);
			defaultConfigurationIsVisible = 0;
			defaultConfigurationName = Release;
		};
		F6FE09571EFFCE3A008358A2 /* Build configuration list for PBXNativeTarget "MemeMeApp" */ = {
			isa = XCConfigurationList;
			buildConfigurations = (
				F6FE09581EFFCE3A008358A2 /* Debug */,
				F6FE09591EFFCE3A008358A2 /* Release */,
			);
			defaultConfigurationIsVisible = 0;
			defaultConfigurationName = Release;
		};
/* End XCConfigurationList section */
	};
	rootObject = F6FE093D1EFFCE3A008358A2 /* Project object */;
}
